
Microsoft Visual Studio Solution File, Format Version 12.00
# Visual Studio Version 17
VisualStudioVersion = 17.11.35312.102
MinimumVisualStudioVersion = 10.0.40219.1
Project("{FAE04EC0-301F-11D3-BF4B-00C04F79EFBC}") = "Dominio", "Dominio\Dominio.csproj", "{B310F2F6-D5EC-4A9F-AED0-32A960B37AD1}"
EndProject
Global
	GlobalSection(SolutionConfigurationPlatforms) = preSolution
		Debug|Any CPU = Debug|Any CPU
		Release|Any CPU = Release|Any CPU
	EndGlobalSection
	GlobalSection(ProjectConfigurationPlatforms) = postSolution
		{B310F2F6-D5EC-4A9F-AED0-32A960B37AD1}.Debug|Any CPU.ActiveCfg = Debug|Any CPU
		{B310F2F6-D5EC-4A9F-AED0-32A960B37AD1}.Debug|Any CPU.Build.0 = Debug|Any CPU
		{B310F2F6-D5EC-4A9F-AED0-32A960B37AD1}.Release|Any CPU.ActiveCfg = Release|Any CPU
		{B310F2F6-D5EC-4A9F-AED0-32A960B37AD1}.Release|Any CPU.Build.0 = Release|Any CPU
	EndGlobalSection
	GlobalSection(SolutionProperties) = preSolution
		HideSolutionNode = FALSE
	EndGlobalSection
	GlobalSection(ExtensibilityGlobals) = postSolution
		SolutionGuid = {3544DA19-3B6F-4B2E-A6AC-7AA55CF44066}
	EndGlobalSection
EndGlobal
